
Microsoft Visual Studio Solution File, Format Version 12.00
# Visual Studio Version 17
VisualStudioVersion = 17.4.33110.190
MinimumVisualStudioVersion = 10.0.40219.1
Project("{FAE04EC0-301F-11D3-BF4B-00C04F79EFBC}") = "29December", "29December\29December.csproj", "{3923AAC3-F9CF-4354-9D29-FC7011C1077E}"
EndProject
Global
	GlobalSection(SolutionConfigurationPlatforms) = preSolution
		Debug|Any CPU = Debug|Any CPU
		Release|Any CPU = Release|Any CPU
	EndGlobalSection
	GlobalSection(ProjectConfigurationPlatforms) = postSolution
		{3923AAC3-F9CF-4354-9D29-FC7011C1077E}.Debug|Any CPU.ActiveCfg = Debug|Any CPU
		{3923AAC3-F9CF-4354-9D29-FC7011C1077E}.Debug|Any CPU.Build.0 = Debug|Any CPU
		{3923AAC3-F9CF-4354-9D29-FC7011C1077E}.Release|Any CPU.ActiveCfg = Release|Any CPU
		{3923AAC3-F9CF-4354-9D29-FC7011C1077E}.Release|Any CPU.Build.0 = Release|Any CPU
	EndGlobalSection
	GlobalSection(SolutionProperties) = preSolution
		HideSolutionNode = FALSE
	EndGlobalSection
	GlobalSection(ExtensibilityGlobals) = postSolution
		SolutionGuid = {83B7C047-D5A6-412E-B716-D9744804F351}
	EndGlobalSection
EndGlobal
