
Microsoft Visual Studio Solution File, Format Version 12.00
# Visual Studio Version 17
VisualStudioVersion = 17.4.33110.190
MinimumVisualStudioVersion = 10.0.40219.1
Project("{FAE04EC0-301F-11D3-BF4B-00C04F79EFBC}") = "2January", "2January\2January.csproj", "{C0E86383-F8B4-4C44-BC93-423E2EAF6080}"
EndProject
Global
	GlobalSection(SolutionConfigurationPlatforms) = preSolution
		Debug|Any CPU = Debug|Any CPU
		Release|Any CPU = Release|Any CPU
	EndGlobalSection
	GlobalSection(ProjectConfigurationPlatforms) = postSolution
		{C0E86383-F8B4-4C44-BC93-423E2EAF6080}.Debug|Any CPU.ActiveCfg = Debug|Any CPU
		{C0E86383-F8B4-4C44-BC93-423E2EAF6080}.Debug|Any CPU.Build.0 = Debug|Any CPU
		{C0E86383-F8B4-4C44-BC93-423E2EAF6080}.Release|Any CPU.ActiveCfg = Release|Any CPU
		{C0E86383-F8B4-4C44-BC93-423E2EAF6080}.Release|Any CPU.Build.0 = Release|Any CPU
	EndGlobalSection
	GlobalSection(SolutionProperties) = preSolution
		HideSolutionNode = FALSE
	EndGlobalSection
	GlobalSection(ExtensibilityGlobals) = postSolution
		SolutionGuid = {CAFF7E66-BB34-4A79-90F8-8ECE3210F661}
	EndGlobalSection
EndGlobal
