
Microsoft Visual Studio Solution File, Format Version 12.00
# Visual Studio Version 17
VisualStudioVersion = 17.4.33110.190
MinimumVisualStudioVersion = 10.0.40219.1
Project("{FAE04EC0-301F-11D3-BF4B-00C04F79EFBC}") = "28December", "28December\28December.csproj", "{BC5AF3AC-A28A-4FE9-9C41-0328FB02B3ED}"
EndProject
Global
	GlobalSection(SolutionConfigurationPlatforms) = preSolution
		Debug|Any CPU = Debug|Any CPU
		Release|Any CPU = Release|Any CPU
	EndGlobalSection
	GlobalSection(ProjectConfigurationPlatforms) = postSolution
		{BC5AF3AC-A28A-4FE9-9C41-0328FB02B3ED}.Debug|Any CPU.ActiveCfg = Debug|Any CPU
		{BC5AF3AC-A28A-4FE9-9C41-0328FB02B3ED}.Debug|Any CPU.Build.0 = Debug|Any CPU
		{BC5AF3AC-A28A-4FE9-9C41-0328FB02B3ED}.Release|Any CPU.ActiveCfg = Release|Any CPU
		{BC5AF3AC-A28A-4FE9-9C41-0328FB02B3ED}.Release|Any CPU.Build.0 = Release|Any CPU
	EndGlobalSection
	GlobalSection(SolutionProperties) = preSolution
		HideSolutionNode = FALSE
	EndGlobalSection
	GlobalSection(ExtensibilityGlobals) = postSolution
		SolutionGuid = {2A43C861-AEE5-4360-A097-F5DE7A39A589}
	EndGlobalSection
EndGlobal
