
Microsoft Visual Studio Solution File, Format Version 12.00
# Visual Studio Version 17
VisualStudioVersion = 17.4.33110.190
MinimumVisualStudioVersion = 10.0.40219.1
Project("{FAE04EC0-301F-11D3-BF4B-00C04F79EFBC}") = "28December", "28December\28December.csproj", "{CEA0D6FB-8F67-44FA-AF75-99B735A5B9EB}"
EndProject
Global
	GlobalSection(SolutionConfigurationPlatforms) = preSolution
		Debug|Any CPU = Debug|Any CPU
		Release|Any CPU = Release|Any CPU
	EndGlobalSection
	GlobalSection(ProjectConfigurationPlatforms) = postSolution
		{CEA0D6FB-8F67-44FA-AF75-99B735A5B9EB}.Debug|Any CPU.ActiveCfg = Debug|Any CPU
		{CEA0D6FB-8F67-44FA-AF75-99B735A5B9EB}.Debug|Any CPU.Build.0 = Debug|Any CPU
		{CEA0D6FB-8F67-44FA-AF75-99B735A5B9EB}.Release|Any CPU.ActiveCfg = Release|Any CPU
		{CEA0D6FB-8F67-44FA-AF75-99B735A5B9EB}.Release|Any CPU.Build.0 = Release|Any CPU
	EndGlobalSection
	GlobalSection(SolutionProperties) = preSolution
		HideSolutionNode = FALSE
	EndGlobalSection
	GlobalSection(ExtensibilityGlobals) = postSolution
		SolutionGuid = {16542ED5-D4FF-4D49-AFBE-A9B64FA0A6AC}
	EndGlobalSection
EndGlobal
